
Microsoft Visual Studio Solution File, Format Version 12.00
# Visual Studio 15
VisualStudioVersion = 15.0.28307.102
MinimumVisualStudioVersion = 10.0.40219.1
Project("{8BC9CEB8-8B4A-11D0-8D11-00A0C91BC942}") = "VanitySearch", "VanitySearch.vcxproj", "{9EA67A77-3F50-4FCE-85B9-FAB635FEFB0A}"
EndProject
Global
	GlobalSection(SolutionConfigurationPlatforms) = preSolution
		Debug|x64 = Debug|x64
		Release|x64 = Release|x64
		ReleaseSM30|x64 = ReleaseSM30|x64
	EndGlobalSection
	GlobalSection(ProjectConfigurationPlatforms) = postSolution
		{9EA67A77-3F50-4FCE-85B9-FAB635FEFB0A}.Debug|x64.ActiveCfg = Debug|x64
		{9EA67A77-3F50-4FCE-85B9-FAB635FEFB0A}.Debug|x64.Build.0 = Debug|x64
		{9EA67A77-3F50-4FCE-85B9-FAB635FEFB0A}.Release|x64.ActiveCfg = Release|x64
		{9EA67A77-3F50-4FCE-85B9-FAB635FEFB0A}.Release|x64.Build.0 = Release|x64
		{9EA67A77-3F50-4FCE-85B9-FAB635FEFB0A}.ReleaseSM30|x64.ActiveCfg = ReleaseSM30|x64
		{9EA67A77-3F50-4FCE-85B9-FAB635FEFB0A}.ReleaseSM30|x64.Build.0 = ReleaseSM30|x64
	EndGlobalSection
	GlobalSection(SolutionProperties) = preSolution
		HideSolutionNode = FALSE
	EndGlobalSection
	GlobalSection(ExtensibilityGlobals) = postSolution
		SolutionGuid = {6D720311-0075-4355-907B-9404246E4B51}
	EndGlobalSection
EndGlobal
